
Microsoft Visual Studio Solution File, Format Version 12.00
# Visual Studio Version 17
VisualStudioVersion = 17.6.33801.468
MinimumVisualStudioVersion = 10.0.40219.1
Project("{9A19103F-16F7-4668-BE54-9A1E7A4F7556}") = "DigitalProductionMauiLibrary", "Library\DigitalProductionMauiLibrary.csproj", "{86F07573-F64E-4014-9B56-689E86E19B41}"
EndProject
Project("{9A19103F-16F7-4668-BE54-9A1E7A4F7556}") = "xUnit Tests", "xUnit Tests\xUnit Tests.csproj", "{CAB00C3B-8D42-4C7F-99E6-28FA49237940}"
EndProject
Project("{2150E333-8FDC-42A3-9474-1A3956D46DE8}") = "Solution Items", "Solution Items", "{28ABA369-5311-4964-9CEB-66196C9BB9CA}"
	ProjectSection(SolutionItems) = preProject
		.editorconfig = .editorconfig
	EndProjectSection
EndProject
Project("{9A19103F-16F7-4668-BE54-9A1E7A4F7556}") = "TestRunnerApp", "TestRunnerApp\TestRunnerApp.csproj", "{5C8EA134-D46E-438A-A8D3-5EE7A03B2B94}"
EndProject
Project("{9A19103F-16F7-4668-BE54-9A1E7A4F7556}") = "DigitalProductionDotNetLibrary", "..\..\C Sharp Dot Net Library\src\Library\DigitalProductionDotNetLibrary.csproj", "{2EDF5B4B-71F1-4C73-8D17-9B062463D044}"
EndProject
Global
	GlobalSection(SolutionConfigurationPlatforms) = preSolution
		Debug|Any CPU = Debug|Any CPU
		Release|Any CPU = Release|Any CPU
	EndGlobalSection
	GlobalSection(ProjectConfigurationPlatforms) = postSolution
		{86F07573-F64E-4014-9B56-689E86E19B41}.Debug|Any CPU.ActiveCfg = Debug|Any CPU
		{86F07573-F64E-4014-9B56-689E86E19B41}.Debug|Any CPU.Build.0 = Debug|Any CPU
		{86F07573-F64E-4014-9B56-689E86E19B41}.Release|Any CPU.ActiveCfg = Release|Any CPU
		{86F07573-F64E-4014-9B56-689E86E19B41}.Release|Any CPU.Build.0 = Release|Any CPU
		{CAB00C3B-8D42-4C7F-99E6-28FA49237940}.Debug|Any CPU.ActiveCfg = Debug|Any CPU
		{CAB00C3B-8D42-4C7F-99E6-28FA49237940}.Debug|Any CPU.Build.0 = Debug|Any CPU
		{CAB00C3B-8D42-4C7F-99E6-28FA49237940}.Release|Any CPU.ActiveCfg = Release|Any CPU
		{CAB00C3B-8D42-4C7F-99E6-28FA49237940}.Release|Any CPU.Build.0 = Release|Any CPU
		{5C8EA134-D46E-438A-A8D3-5EE7A03B2B94}.Debug|Any CPU.ActiveCfg = Debug|Any CPU
		{5C8EA134-D46E-438A-A8D3-5EE7A03B2B94}.Debug|Any CPU.Build.0 = Debug|Any CPU
		{5C8EA134-D46E-438A-A8D3-5EE7A03B2B94}.Debug|Any CPU.Deploy.0 = Debug|Any CPU
		{5C8EA134-D46E-438A-A8D3-5EE7A03B2B94}.Release|Any CPU.ActiveCfg = Release|Any CPU
		{5C8EA134-D46E-438A-A8D3-5EE7A03B2B94}.Release|Any CPU.Build.0 = Release|Any CPU
		{5C8EA134-D46E-438A-A8D3-5EE7A03B2B94}.Release|Any CPU.Deploy.0 = Release|Any CPU
		{2EDF5B4B-71F1-4C73-8D17-9B062463D044}.Debug|Any CPU.ActiveCfg = Debug|Any CPU
		{2EDF5B4B-71F1-4C73-8D17-9B062463D044}.Debug|Any CPU.Build.0 = Debug|Any CPU
		{2EDF5B4B-71F1-4C73-8D17-9B062463D044}.Release|Any CPU.ActiveCfg = Release|Any CPU
		{2EDF5B4B-71F1-4C73-8D17-9B062463D044}.Release|Any CPU.Build.0 = Release|Any CPU
	EndGlobalSection
	GlobalSection(SolutionProperties) = preSolution
		HideSolutionNode = FALSE
	EndGlobalSection
	GlobalSection(ExtensibilityGlobals) = postSolution
		SolutionGuid = {E9465F63-7CB3-46B5-8CAE-EDF1574F16A6}
	EndGlobalSection
EndGlobal
